# This file is automatically @generated by Cargo.
# It is not intended for manual editing.
version = 4

[[package]]
name = "autocfg"
version = "1.5.0"
source = "registry+https://github.com/rust-lang/crates.io-index"
checksum = "c08606f8c3cbf4ce6ec8e28fb0014a2c086708fe954eaa885384a6165172e7e8"

[[package]]
name = "bitflags"
version = "2.9.1"
source = "registry+https://github.com/rust-lang/crates.io-index"
checksum = "1b8e56985ec62d17e9c1001dc89c88ecd7dc08e47eba5ec7c29c7b5eeecde967"

[[package]]
name = "bumpalo"
version = "3.19.0"
source = "registry+https://github.com/rust-lang/crates.io-index"
checksum = "46c5e41b57b8bba42a04676d81cb89e9ee8e859a1a66f80a5a72e1cb76b34d43"

[[package]]
name = "cfg-if"
version = "1.0.1"
source = "registry+https://github.com/rust-lang/crates.io-index"
checksum = "9555578bc9e57714c812a1f84e4fc5b4d21fcb063490c624de019f7464c91268"

[[package]]
name = "convert_case"
version = "0.10.0"
source = "registry+https://github.com/rust-lang/crates.io-index"
checksum = "633458d4ef8c78b72454de2d54fd6ab2e60f9e02be22f3c6104cdc8a4e0fceb9"
dependencies = [
 "unicode-segmentation",
]

[[package]]
name = "dawm"
version = "0.1.0"
dependencies = [
 "derive_more",
 "html5ever",
 "js-sys",
 "markup5ever",
 "moos",
 "serde",
 "serde-wasm-bindgen",
 "serde_repr",
 "tendril",
 "wasm-bindgen",
 "xml5ever",
]

[[package]]
name = "derive_more"
version = "2.1.0"
source = "registry+https://github.com/rust-lang/crates.io-index"
checksum = "10b768e943bed7bf2cab53df09f4bc34bfd217cdb57d971e769874c9a6710618"
dependencies = [
 "derive_more-impl",
]

[[package]]
name = "derive_more-impl"
version = "2.1.0"
source = "registry+https://github.com/rust-lang/crates.io-index"
checksum = "6d286bfdaf75e988b4a78e013ecd79c581e06399ab53fbacd2d916c2f904f30b"
dependencies = [
 "convert_case",
 "proc-macro2",
 "quote",
 "rustc_version",
 "syn",
 "unicode-xid",
]

[[package]]
name = "fastrand"
version = "2.3.0"
source = "registry+https://github.com/rust-lang/crates.io-index"
checksum = "37909eebbb50d72f9059c3b6d82c0463f2ff062c9e95845c43a6c9c0355411be"

[[package]]
name = "futf"
version = "0.1.5"
source = "registry+https://github.com/rust-lang/crates.io-index"
checksum = "df420e2e84819663797d1ec6544b13c5be84629e7bb00dc960d6917db2987843"
dependencies = [
 "mac",
 "new_debug_unreachable",
]

[[package]]
name = "html5ever"
version = "0.36.1"
source = "registry+https://github.com/rust-lang/crates.io-index"
checksum = "6452c4751a24e1b99c3260d505eaeee76a050573e61f30ac2c924ddc7236f01e"
dependencies = [
 "log",
 "markup5ever",
]

[[package]]
name = "js-sys"
version = "0.3.77"
source = "registry+https://github.com/rust-lang/crates.io-index"
checksum = "1cfaf33c695fc6e08064efbc1f72ec937429614f25eef83af942d0e227c3a28f"
dependencies = [
 "once_cell",
 "wasm-bindgen",
]

[[package]]
name = "libc"
version = "0.2.174"
source = "registry+https://github.com/rust-lang/crates.io-index"
checksum = "1171693293099992e19cddea4e8b849964e9846f4acee11b3948bcc337be8776"

[[package]]
name = "lock_api"
version = "0.4.13"
source = "registry+https://github.com/rust-lang/crates.io-index"
checksum = "96936507f153605bddfcda068dd804796c84324ed2510809e5b2a624c81da765"
dependencies = [
 "autocfg",
 "scopeguard",
]

[[package]]
name = "log"
version = "0.4.27"
source = "registry+https://github.com/rust-lang/crates.io-index"
checksum = "13dc2df351e3202783a1fe0d44375f7295ffb4049267b0f3018346dc122a1d94"

[[package]]
name = "mac"
version = "0.1.1"
source = "registry+https://github.com/rust-lang/crates.io-index"
checksum = "c41e0c4fef86961ac6d6f8a82609f55f31b05e4fce149ac5710e439df7619ba4"

[[package]]
name = "markup5ever"
version = "0.36.1"
source = "registry+https://github.com/rust-lang/crates.io-index"
checksum = "6c3294c4d74d0742910f8c7b466f44dda9eb2d5742c1e430138df290a1e8451c"
dependencies = [
 "log",
 "tendril",
 "web_atoms",
]

[[package]]
name = "moos"
version = "0.1.0"
source = "registry+https://github.com/rust-lang/crates.io-index"
checksum = "352be24acc3195d5ca0673318d0ae8320f9e51b4d3093eb1deffc72d5300c3d9"
dependencies = [
 "derive_more",
 "serde",
]

[[package]]
name = "new_debug_unreachable"
version = "1.0.6"
source = "registry+https://github.com/rust-lang/crates.io-index"
checksum = "650eef8c711430f1a879fdd01d4745a7deea475becfb90269c06775983bbf086"

[[package]]
name = "once_cell"
version = "1.21.3"
source = "registry+https://github.com/rust-lang/crates.io-index"
checksum = "42f5e15c9953c5e4ccceeb2e7382a716482c34515315f7b03532b8b4e8393d2d"

[[package]]
name = "parking_lot"
version = "0.12.4"
source = "registry+https://github.com/rust-lang/crates.io-index"
checksum = "70d58bf43669b5795d1576d0641cfb6fbb2057bf629506267a92807158584a13"
dependencies = [
 "lock_api",
 "parking_lot_core",
]

[[package]]
name = "parking_lot_core"
version = "0.9.11"
source = "registry+https://github.com/rust-lang/crates.io-index"
checksum = "bc838d2a56b5b1a6c25f55575dfc605fabb63bb2365f6c2353ef9159aa69e4a5"
dependencies = [
 "cfg-if",
 "libc",
 "redox_syscall",
 "smallvec",
 "windows-targets",
]

[[package]]
name = "phf"
version = "0.13.1"
source = "registry+https://github.com/rust-lang/crates.io-index"
checksum = "c1562dc717473dbaa4c1f85a36410e03c047b2e7df7f45ee938fbef64ae7fadf"
dependencies = [
 "phf_shared",
 "serde",
]

[[package]]
name = "phf_codegen"
version = "0.13.1"
source = "registry+https://github.com/rust-lang/crates.io-index"
checksum = "49aa7f9d80421bca176ca8dbfebe668cc7a2684708594ec9f3c0db0805d5d6e1"
dependencies = [
 "phf_generator",
 "phf_shared",
]

[[package]]
name = "phf_generator"
version = "0.13.1"
source = "registry+https://github.com/rust-lang/crates.io-index"
checksum = "135ace3a761e564ec88c03a77317a7c6b80bb7f7135ef2544dbe054243b89737"
dependencies = [
 "fastrand",
 "phf_shared",
]

[[package]]
name = "phf_shared"
version = "0.13.1"
source = "registry+https://github.com/rust-lang/crates.io-index"
checksum = "e57fef6bc5981e38c2ce2d63bfa546861309f875b8a75f092d1d54ae2d64f266"
dependencies = [
 "siphasher",
]

[[package]]
name = "precomputed-hash"
version = "0.1.1"
source = "registry+https://github.com/rust-lang/crates.io-index"
checksum = "925383efa346730478fb4838dbe9137d2a47675ad789c546d150a6e1dd4ab31c"

[[package]]
name = "proc-macro2"
version = "1.0.95"
source = "registry+https://github.com/rust-lang/crates.io-index"
checksum = "02b3e5e68a3a1a02aad3ec490a98007cbc13c37cbe84a3cd7b8e406d76e7f778"
dependencies = [
 "unicode-ident",
]

[[package]]
name = "quote"
version = "1.0.40"
source = "registry+https://github.com/rust-lang/crates.io-index"
checksum = "1885c039570dc00dcb4ff087a89e185fd56bae234ddc7f056a945bf36467248d"
dependencies = [
 "proc-macro2",
]

[[package]]
name = "redox_syscall"
version = "0.5.17"
source = "registry+https://github.com/rust-lang/crates.io-index"
checksum = "5407465600fb0548f1442edf71dd20683c6ed326200ace4b1ef0763521bb3b77"
dependencies = [
 "bitflags",
]

[[package]]
name = "rustc_version"
version = "0.4.1"
source = "registry+https://github.com/rust-lang/crates.io-index"
checksum = "cfcb3a22ef46e85b45de6ee7e79d063319ebb6594faafcf1c225ea92ab6e9b92"
dependencies = [
 "semver",
]

[[package]]
name = "rustversion"
version = "1.0.22"
source = "registry+https://github.com/rust-lang/crates.io-index"
checksum = "b39cdef0fa800fc44525c84ccb54a029961a8215f9619753635a9c0d2538d46d"

[[package]]
name = "scopeguard"
version = "1.2.0"
source = "registry+https://github.com/rust-lang/crates.io-index"
checksum = "94143f37725109f92c262ed2cf5e59bce7498c01bcc1502d7b9afe439a4e9f49"

[[package]]
name = "semver"
version = "1.0.27"
source = "registry+https://github.com/rust-lang/crates.io-index"
checksum = "d767eb0aabc880b29956c35734170f26ed551a859dbd361d140cdbeca61ab1e2"

[[package]]
name = "serde"
version = "1.0.228"
source = "registry+https://github.com/rust-lang/crates.io-index"
checksum = "9a8e94ea7f378bd32cbbd37198a4a91436180c5bb472411e48b5ec2e2124ae9e"
dependencies = [
 "serde_core",
 "serde_derive",
]

[[package]]
name = "serde-wasm-bindgen"
version = "0.6.5"
source = "registry+https://github.com/rust-lang/crates.io-index"
checksum = "8302e169f0eddcc139c70f139d19d6467353af16f9fce27e8c30158036a1e16b"
dependencies = [
 "js-sys",
 "serde",
 "wasm-bindgen",
]

[[package]]
name = "serde_core"
version = "1.0.228"
source = "registry+https://github.com/rust-lang/crates.io-index"
checksum = "41d385c7d4ca58e59fc732af25c3983b67ac852c1a25000afe1175de458b67ad"
dependencies = [
 "serde_derive",
]

[[package]]
name = "serde_derive"
version = "1.0.228"
source = "registry+https://github.com/rust-lang/crates.io-index"
checksum = "d540f220d3187173da220f885ab66608367b6574e925011a9353e4badda91d79"
dependencies = [
 "proc-macro2",
 "quote",
 "syn",
]

[[package]]
name = "serde_repr"
version = "0.1.20"
source = "registry+https://github.com/rust-lang/crates.io-index"
checksum = "175ee3e80ae9982737ca543e96133087cbd9a485eecc3bc4de9c1a37b47ea59c"
dependencies = [
 "proc-macro2",
 "quote",
 "syn",
]

[[package]]
name = "siphasher"
version = "1.0.1"
source = "registry+https://github.com/rust-lang/crates.io-index"
checksum = "56199f7ddabf13fe5074ce809e7d3f42b42ae711800501b5b16ea82ad029c39d"

[[package]]
name = "smallvec"
version = "1.15.1"
source = "registry+https://github.com/rust-lang/crates.io-index"
checksum = "67b1b7a3b5fe4f1376887184045fcf45c69e92af734b7aaddc05fb777b6fbd03"

[[package]]
name = "string_cache"
version = "0.9.0"
source = "registry+https://github.com/rust-lang/crates.io-index"
checksum = "a18596f8c785a729f2819c0f6a7eae6ebeebdfffbfe4214ae6b087f690e31901"
dependencies = [
 "new_debug_unreachable",
 "parking_lot",
 "phf_shared",
 "precomputed-hash",
 "serde",
]

[[package]]
name = "string_cache_codegen"
version = "0.6.1"
source = "registry+https://github.com/rust-lang/crates.io-index"
checksum = "585635e46db231059f76c5849798146164652513eb9e8ab2685939dd90f29b69"
dependencies = [
 "phf_generator",
 "phf_shared",
 "proc-macro2",
 "quote",
]

[[package]]
name = "syn"
version = "2.0.104"
source = "registry+https://github.com/rust-lang/crates.io-index"
checksum = "17b6f705963418cdb9927482fa304bc562ece2fdd4f616084c50b7023b435a40"
dependencies = [
 "proc-macro2",
 "quote",
 "unicode-ident",
]

[[package]]
name = "tendril"
version = "0.4.3"
source = "registry+https://github.com/rust-lang/crates.io-index"
checksum = "d24a120c5fc464a3458240ee02c299ebcb9d67b5249c8848b09d639dca8d7bb0"
dependencies = [
 "futf",
 "mac",
 "utf-8",
]

[[package]]
name = "unicode-ident"
version = "1.0.18"
source = "registry+https://github.com/rust-lang/crates.io-index"
checksum = "5a5f39404a5da50712a4c1eecf25e90dd62b613502b7e925fd4e4d19b5c96512"

[[package]]
name = "unicode-segmentation"
version = "1.12.0"
source = "registry+https://github.com/rust-lang/crates.io-index"
checksum = "f6ccf251212114b54433ec949fd6a7841275f9ada20dddd2f29e9ceea4501493"

[[package]]
name = "unicode-xid"
version = "0.2.6"
source = "registry+https://github.com/rust-lang/crates.io-index"
checksum = "ebc1c04c71510c7f702b52b7c350734c9ff1295c464a03335b00bb84fc54f853"

[[package]]
name = "utf-8"
version = "0.7.6"
source = "registry+https://github.com/rust-lang/crates.io-index"
checksum = "09cc8ee72d2a9becf2f2febe0205bbed8fc6615b7cb429ad062dc7b7ddd036a9"

[[package]]
name = "wasm-bindgen"
version = "0.2.100"
source = "registry+https://github.com/rust-lang/crates.io-index"
checksum = "1edc8929d7499fc4e8f0be2262a241556cfc54a0bea223790e71446f2aab1ef5"
dependencies = [
 "cfg-if",
 "once_cell",
 "rustversion",
 "wasm-bindgen-macro",
]

[[package]]
name = "wasm-bindgen-backend"
version = "0.2.100"
source = "registry+https://github.com/rust-lang/crates.io-index"
checksum = "2f0a0651a5c2bc21487bde11ee802ccaf4c51935d0d3d42a6101f98161700bc6"
dependencies = [
 "bumpalo",
 "log",
 "proc-macro2",
 "quote",
 "syn",
 "wasm-bindgen-shared",
]

[[package]]
name = "wasm-bindgen-macro"
version = "0.2.100"
source = "registry+https://github.com/rust-lang/crates.io-index"
checksum = "7fe63fc6d09ed3792bd0897b314f53de8e16568c2b3f7982f468c0bf9bd0b407"
dependencies = [
 "quote",
 "wasm-bindgen-macro-support",
]

[[package]]
name = "wasm-bindgen-macro-support"
version = "0.2.100"
source = "registry+https://github.com/rust-lang/crates.io-index"
checksum = "8ae87ea40c9f689fc23f209965b6fb8a99ad69aeeb0231408be24920604395de"
dependencies = [
 "proc-macro2",
 "quote",
 "syn",
 "wasm-bindgen-backend",
 "wasm-bindgen-shared",
]

[[package]]
name = "wasm-bindgen-shared"
version = "0.2.100"
source = "registry+https://github.com/rust-lang/crates.io-index"
checksum = "1a05d73b933a847d6cccdda8f838a22ff101ad9bf93e33684f39c1f5f0eece3d"
dependencies = [
 "unicode-ident",
]

[[package]]
name = "web_atoms"
version = "0.2.0"
source = "registry+https://github.com/rust-lang/crates.io-index"
checksum = "acd0c322f146d0f8aad130ce6c187953889359584497dac6561204c8e17bb43d"
dependencies = [
 "phf",
 "phf_codegen",
 "string_cache",
 "string_cache_codegen",
]

[[package]]
name = "windows-targets"
version = "0.52.6"
source = "registry+https://github.com/rust-lang/crates.io-index"
checksum = "9b724f72796e036ab90c1021d4780d4d3d648aca59e491e6b98e725b84e99973"
dependencies = [
 "windows_aarch64_gnullvm",
 "windows_aarch64_msvc",
 "windows_i686_gnu",
 "windows_i686_gnullvm",
 "windows_i686_msvc",
 "windows_x86_64_gnu",
 "windows_x86_64_gnullvm",
 "windows_x86_64_msvc",
]

[[package]]
name = "windows_aarch64_gnullvm"
version = "0.52.6"
source = "registry+https://github.com/rust-lang/crates.io-index"
checksum = "32a4622180e7a0ec044bb555404c800bc9fd9ec262ec147edd5989ccd0c02cd3"

[[package]]
name = "windows_aarch64_msvc"
version = "0.52.6"
source = "registry+https://github.com/rust-lang/crates.io-index"
checksum = "09ec2a7bb152e2252b53fa7803150007879548bc709c039df7627cabbd05d469"

[[package]]
name = "windows_i686_gnu"
version = "0.52.6"
source = "registry+https://github.com/rust-lang/crates.io-index"
checksum = "8e9b5ad5ab802e97eb8e295ac6720e509ee4c243f69d781394014ebfe8bbfa0b"

[[package]]
name = "windows_i686_gnullvm"
version = "0.52.6"
source = "registry+https://github.com/rust-lang/crates.io-index"
checksum = "0eee52d38c090b3caa76c563b86c3a4bd71ef1a819287c19d586d7334ae8ed66"

[[package]]
name = "windows_i686_msvc"
version = "0.52.6"
source = "registry+https://github.com/rust-lang/crates.io-index"
checksum = "240948bc05c5e7c6dabba28bf89d89ffce3e303022809e73deaefe4f6ec56c66"

[[package]]
name = "windows_x86_64_gnu"
version = "0.52.6"
source = "registry+https://github.com/rust-lang/crates.io-index"
checksum = "147a5c80aabfbf0c7d901cb5895d1de30ef2907eb21fbbab29ca94c5b08b1a78"

[[package]]
name = "windows_x86_64_gnullvm"
version = "0.52.6"
source = "registry+https://github.com/rust-lang/crates.io-index"
checksum = "24d5b23dc417412679681396f2b49f3de8c1473deb516bd34410872eff51ed0d"

[[package]]
name = "windows_x86_64_msvc"
version = "0.52.6"
source = "registry+https://github.com/rust-lang/crates.io-index"
checksum = "589f6da84c646204747d1270a2a5661ea66ed1cced2631d546fdfb155959f9ec"

[[package]]
name = "xml5ever"
version = "0.36.1"
source = "registry+https://github.com/rust-lang/crates.io-index"
checksum = "f57dd51b88a4b9f99f9b55b136abb86210629d61c48117ddb87f567e51e66be7"
dependencies = [
 "log",
 "markup5ever",
]
